
Microsoft Visual Studio Solution File, Format Version 12.00
# Visual Studio Version 16
VisualStudioVersion = 16.0.30523.141
MinimumVisualStudioVersion = 10.0.40219.1
Project("{FAE04EC0-301F-11D3-BF4B-00C04F79EFBC}") = "Exam", "Exam.csproj", "{02A4A842-5E06-4A39-A3DF-A2B73AB4C29A}"
EndProject
Global
	GlobalSection(SolutionConfigurationPlatforms) = preSolution
		Debug|Any CPU = Debug|Any CPU
		Release|Any CPU = Release|Any CPU
	EndGlobalSection
	GlobalSection(ProjectConfigurationPlatforms) = postSolution
		{02A4A842-5E06-4A39-A3DF-A2B73AB4C29A}.Debug|Any CPU.ActiveCfg = Debug|Any CPU
		{02A4A842-5E06-4A39-A3DF-A2B73AB4C29A}.Debug|Any CPU.Build.0 = Debug|Any CPU
		{02A4A842-5E06-4A39-A3DF-A2B73AB4C29A}.Release|Any CPU.ActiveCfg = Release|Any CPU
		{02A4A842-5E06-4A39-A3DF-A2B73AB4C29A}.Release|Any CPU.Build.0 = Release|Any CPU
	EndGlobalSection
	GlobalSection(SolutionProperties) = preSolution
		HideSolutionNode = FALSE
	EndGlobalSection
	GlobalSection(ExtensibilityGlobals) = postSolution
		SolutionGuid = {CF05CB33-7FFB-42CC-AA9D-365BF5992009}
	EndGlobalSection
EndGlobal
